{
  "name": "reactive-react",
  "version": "2.1.0",
  "lockfileVersion": 1,
  "requires": true,
  "dependencies": {
    "@types/rx": {
      "version": "4.1.2",
      "resolved": "https://registry.npmjs.org/@types/rx/-/rx-4.1.2.tgz",
      "integrity": "sha512-1r8ZaT26Nigq7o4UBGl+aXB2UMFUIdLPP/8bLIP0x3d0pZL46ybKKjhWKaJQWIkLl5QCLD0nK3qTOO1QkwdFaA==",
      "dev": true,
      "requires": {
        "@types/rx-core": "*",
        "@types/rx-core-binding": "*",
        "@types/rx-lite": "*",
        "@types/rx-lite-aggregates": "*",
        "@types/rx-lite-async": "*",
        "@types/rx-lite-backpressure": "*",
        "@types/rx-lite-coincidence": "*",
        "@types/rx-lite-experimental": "*",
        "@types/rx-lite-joinpatterns": "*",
        "@types/rx-lite-testing": "*",
        "@types/rx-lite-time": "*",
        "@types/rx-lite-virtualtime": "*"
      }
    },
    "@types/rx-core": {
      "version": "4.0.3",
      "resolved": "https://registry.npmjs.org/@types/rx-core/-/rx-core-4.0.3.tgz",
      "integrity": "sha1-CzNUsSOM7b4rdPYybxOdvHpZHWA=",
      "dev": true
    },
    "@types/rx-core-binding": {
      "version": "4.0.4",
      "resolved": "https://registry.npmjs.org/@types/rx-core-binding/-/rx-core-binding-4.0.4.tgz",
      "integrity": "sha512-5pkfxnC4w810LqBPUwP5bg7SFR/USwhMSaAeZQQbEHeBp57pjKXRlXmqpMrLJB4y1oglR/c2502853uN0I+DAQ==",
      "dev": true,
      "requires": {
        "@types/rx-core": "*"
      }
    },
    "@types/rx-lite": {
      "version": "4.0.6",
      "resolved": "https://registry.npmjs.org/@types/rx-lite/-/rx-lite-4.0.6.tgz",
      "integrity": "sha512-oYiDrFIcor9zDm0VDUca1UbROiMYBxMLMaM6qzz4ADAfOmA9r1dYEcAFH+2fsPI5BCCjPvV9pWC3X3flbrvs7w==",
      "dev": true,
      "requires": {
        "@types/rx-core": "*",
        "@types/rx-core-binding": "*"
      }
    },
    "@types/rx-lite-aggregates": {
      "version": "4.0.3",
      "resolved": "https://registry.npmjs.org/@types/rx-lite-aggregates/-/rx-lite-aggregates-4.0.3.tgz",
      "integrity": "sha512-MAGDAHy8cRatm94FDduhJF+iNS5//jrZ/PIfm+QYw9OCeDgbymFHChM8YVIvN2zArwsRftKgE33QfRWvQk4DPg==",
      "dev": true,
      "requires": {
        "@types/rx-lite": "*"
      }
    },
    "@types/rx-lite-async": {
      "version": "4.0.2",
      "resolved": "https://registry.npmjs.org/@types/rx-lite-async/-/rx-lite-async-4.0.2.tgz",
      "integrity": "sha512-vTEv5o8l6702ZwfAM5aOeVDfUwBSDOs+ARoGmWAKQ6LOInQ8J4/zjM7ov12fuTpktUKdMQjkeCp07Vd73mPkxw==",
      "dev": true,
      "requires": {
        "@types/rx-lite": "*"
      }
    },
    "@types/rx-lite-backpressure": {
      "version": "4.0.3",
      "resolved": "https://registry.npmjs.org/@types/rx-lite-backpressure/-/rx-lite-backpressure-4.0.3.tgz",
      "integrity": "sha512-Y6aIeQCtNban5XSAF4B8dffhIKu6aAy/TXFlScHzSxh6ivfQBQw6UjxyEJxIOt3IT49YkS+siuayM2H/Q0cmgA==",
      "dev": true,
      "requires": {
        "@types/rx-lite": "*"
      }
    },
    "@types/rx-lite-coincidence": {
      "version": "4.0.3",
      "resolved": "https://registry.npmjs.org/@types/rx-lite-coincidence/-/rx-lite-coincidence-4.0.3.tgz",
      "integrity": "sha512-1VNJqzE9gALUyMGypDXZZXzR0Tt7LC9DdAZQ3Ou/Q0MubNU35agVUNXKGHKpNTba+fr8GdIdkC26bRDqtCQBeQ==",
      "dev": true,
      "requires": {
        "@types/rx-lite": "*"
      }
    },
    "@types/rx-lite-experimental": {
      "version": "4.0.1",
      "resolved": "https://registry.npmjs.org/@types/rx-lite-experimental/-/rx-lite-experimental-4.0.1.tgz",
      "integrity": "sha1-xTL1y98/LBXaFt7Ykw0bKYQCPL0=",
      "dev": true,
      "requires": {
        "@types/rx-lite": "*"
      }
    },
    "@types/rx-lite-joinpatterns": {
      "version": "4.0.1",
      "resolved": "https://registry.npmjs.org/@types/rx-lite-joinpatterns/-/rx-lite-joinpatterns-4.0.1.tgz",
      "integrity": "sha1-9w/jcFGKhDLykVjMkv+1a05K/D4=",
      "dev": true,
      "requires": {
        "@types/rx-lite": "*"
      }
    },
    "@types/rx-lite-testing": {
      "version": "4.0.1",
      "resolved": "https://registry.npmjs.org/@types/rx-lite-testing/-/rx-lite-testing-4.0.1.tgz",
      "integrity": "sha1-IbGdEfTf1v/vWp0WSOnIh5v+Iek=",
      "dev": true,
      "requires": {
        "@types/rx-lite-virtualtime": "*"
      }
    },
    "@types/rx-lite-time": {
      "version": "4.0.3",
      "resolved": "https://registry.npmjs.org/@types/rx-lite-time/-/rx-lite-time-4.0.3.tgz",
      "integrity": "sha512-ukO5sPKDRwCGWRZRqPlaAU0SKVxmWwSjiOrLhoQDoWxZWg6vyB9XLEZViKOzIO6LnTIQBlk4UylYV0rnhJLxQw==",
      "dev": true,
      "requires": {
        "@types/rx-lite": "*"
      }
    },
    "@types/rx-lite-virtualtime": {
      "version": "4.0.3",
      "resolved": "https://registry.npmjs.org/@types/rx-lite-virtualtime/-/rx-lite-virtualtime-4.0.3.tgz",
      "integrity": "sha512-3uC6sGmjpOKatZSVHI2xB1+dedgml669ZRvqxy+WqmGJDVusOdyxcKfyzjW0P3/GrCiN4nmRkLVMhPwHCc5QLg==",
      "dev": true,
      "requires": {
        "@types/rx-lite": "*"
      }
    },
    "rx": {
      "version": "4.1.0",
      "resolved": "https://registry.npmjs.org/rx/-/rx-4.1.0.tgz",
      "integrity": "sha1-pfE/957zt0D+MKqAP7CfmIBdR4I="
    },
    "typescript": {
      "version": "4.1.2",
      "resolved": "https://registry.npmjs.org/typescript/-/typescript-4.1.2.tgz",
      "integrity": "sha512-thGloWsGH3SOxv1SoY7QojKi0tc+8FnOmiarEGMbd/lar7QOEd3hvlx3Fp5y6FlDUGl9L+pd4n2e+oToGMmhRQ==",
      "dev": true
    }
  }
}
